
Microsoft Visual Studio Solution File, Format Version 12.00
# Visual Studio 15
VisualStudioVersion = 15.0.26430.13
MinimumVisualStudioVersion = 10.0.40219.1
Project("{9A19103F-16F7-4668-BE54-9A1E7A4F7556}") = "mns-netcore", "src\mns-netcore\mns-netcore.csproj", "{A6599DB2-ADD1-4648-94D2-18E193505946}"
EndProject
Project("{9A19103F-16F7-4668-BE54-9A1E7A4F7556}") = "mns-test", "test\mns-test\mns-test.csproj", "{2E98964B-51F8-4555-A076-C5FB80EDC7C1}"
EndProject
Project("{2150E333-8FDC-42A3-9474-1A3956D46DE8}") = "samples", "samples", "{AFDA8813-9587-40A9-A27A-51F1BFC247F7}"
EndProject
Project("{2150E333-8FDC-42A3-9474-1A3956D46DE8}") = "test", "test", "{6F4462CC-D783-4642-84D3-0508447789B1}"
EndProject
Project("{2150E333-8FDC-42A3-9474-1A3956D46DE8}") = "lib", "lib", "{F5278B52-663E-445E-B24F-F2D5F578E92B}"
EndProject
Project("{9A19103F-16F7-4668-BE54-9A1E7A4F7556}") = "mns-consumer", "src\mns-sample-consumer\mns-consumer.csproj", "{F518BD3F-A7D3-4D31-8E49-2CF8DADD48DD}"
EndProject
Project("{9A19103F-16F7-4668-BE54-9A1E7A4F7556}") = "mns-producer", "src\mns-sample-producer\mns-producer.csproj", "{C8511B53-5703-44BA-B724-0C8E9773B502}"
EndProject
Global
	GlobalSection(SolutionConfigurationPlatforms) = preSolution
		Debug|Any CPU = Debug|Any CPU
		Release|Any CPU = Release|Any CPU
	EndGlobalSection
	GlobalSection(ProjectConfigurationPlatforms) = postSolution
		{A6599DB2-ADD1-4648-94D2-18E193505946}.Debug|Any CPU.ActiveCfg = Debug|Any CPU
		{A6599DB2-ADD1-4648-94D2-18E193505946}.Debug|Any CPU.Build.0 = Debug|Any CPU
		{A6599DB2-ADD1-4648-94D2-18E193505946}.Release|Any CPU.ActiveCfg = Release|Any CPU
		{A6599DB2-ADD1-4648-94D2-18E193505946}.Release|Any CPU.Build.0 = Release|Any CPU
		{2E98964B-51F8-4555-A076-C5FB80EDC7C1}.Debug|Any CPU.ActiveCfg = Debug|Any CPU
		{2E98964B-51F8-4555-A076-C5FB80EDC7C1}.Debug|Any CPU.Build.0 = Debug|Any CPU
		{2E98964B-51F8-4555-A076-C5FB80EDC7C1}.Release|Any CPU.ActiveCfg = Release|Any CPU
		{2E98964B-51F8-4555-A076-C5FB80EDC7C1}.Release|Any CPU.Build.0 = Release|Any CPU
		{F518BD3F-A7D3-4D31-8E49-2CF8DADD48DD}.Debug|Any CPU.ActiveCfg = Debug|Any CPU
		{F518BD3F-A7D3-4D31-8E49-2CF8DADD48DD}.Debug|Any CPU.Build.0 = Debug|Any CPU
		{F518BD3F-A7D3-4D31-8E49-2CF8DADD48DD}.Release|Any CPU.ActiveCfg = Release|Any CPU
		{F518BD3F-A7D3-4D31-8E49-2CF8DADD48DD}.Release|Any CPU.Build.0 = Release|Any CPU
		{C8511B53-5703-44BA-B724-0C8E9773B502}.Debug|Any CPU.ActiveCfg = Debug|Any CPU
		{C8511B53-5703-44BA-B724-0C8E9773B502}.Debug|Any CPU.Build.0 = Debug|Any CPU
		{C8511B53-5703-44BA-B724-0C8E9773B502}.Release|Any CPU.ActiveCfg = Release|Any CPU
		{C8511B53-5703-44BA-B724-0C8E9773B502}.Release|Any CPU.Build.0 = Release|Any CPU
	EndGlobalSection
	GlobalSection(SolutionProperties) = preSolution
		HideSolutionNode = FALSE
	EndGlobalSection
	GlobalSection(NestedProjects) = preSolution
		{A6599DB2-ADD1-4648-94D2-18E193505946} = {F5278B52-663E-445E-B24F-F2D5F578E92B}
		{2E98964B-51F8-4555-A076-C5FB80EDC7C1} = {6F4462CC-D783-4642-84D3-0508447789B1}
		{F518BD3F-A7D3-4D31-8E49-2CF8DADD48DD} = {AFDA8813-9587-40A9-A27A-51F1BFC247F7}
		{C8511B53-5703-44BA-B724-0C8E9773B502} = {AFDA8813-9587-40A9-A27A-51F1BFC247F7}
	EndGlobalSection
EndGlobal
